
Microsoft Visual Studio Solution File, Format Version 12.00
# Visual Studio 15
VisualStudioVersion = 15.0.28307.1145
MinimumVisualStudioVersion = 10.0.40219.1
Project("{2150E333-8FDC-42A3-9474-1A3956D46DE8}") = "Web", "Web", "{6FD643CE-1E2D-40E5-A4F6-3C17E48668CC}"
EndProject
Project("{2150E333-8FDC-42A3-9474-1A3956D46DE8}") = "Mobile", "Mobile", "{E23FDE1E-2E77-421A-AD87-EBCEA4BED1DA}"
EndProject
Project("{2150E333-8FDC-42A3-9474-1A3956D46DE8}") = "Assemblies Base", "Assemblies Base", "{8E1E5869-B667-4CE7-B2F7-C79F02146C50}"
EndProject
Project("{9A19103F-16F7-4668-BE54-9A1E7A4F7556}") = "Brivia.API", "Brivia.API\Brivia.API.csproj", "{6A0830B8-7333-48F5-8E28-C4AC7B76CC37}"
EndProject
Project("{9A19103F-16F7-4668-BE54-9A1E7A4F7556}") = "Brivia.Dependencies", "Brivia.Dependencies\Brivia.Dependencies.csproj", "{96D4A532-83DF-4B88-B808-54DA555B0F5C}"
EndProject
Project("{FAE04EC0-301F-11D3-BF4B-00C04F79EFBC}") = "Brivia.Device.Android", "Brivia.Device\Brivia.Device.Android\Brivia.Device.Android.csproj", "{7C86664B-FF0C-459F-9425-779A9369C4FE}"
EndProject
Project("{FAE04EC0-301F-11D3-BF4B-00C04F79EFBC}") = "Brivia.Device", "Brivia.Device\Brivia.Device\Brivia.Device.csproj", "{93BAD69E-5B94-45FF-8E83-76ED54BBDAA8}"
EndProject
Global
	GlobalSection(SolutionConfigurationPlatforms) = preSolution
		Debug|Any CPU = Debug|Any CPU
		Release|Any CPU = Release|Any CPU
	EndGlobalSection
	GlobalSection(ProjectConfigurationPlatforms) = postSolution
		{6A0830B8-7333-48F5-8E28-C4AC7B76CC37}.Debug|Any CPU.ActiveCfg = Debug|Any CPU
		{6A0830B8-7333-48F5-8E28-C4AC7B76CC37}.Debug|Any CPU.Build.0 = Debug|Any CPU
		{6A0830B8-7333-48F5-8E28-C4AC7B76CC37}.Release|Any CPU.ActiveCfg = Release|Any CPU
		{6A0830B8-7333-48F5-8E28-C4AC7B76CC37}.Release|Any CPU.Build.0 = Release|Any CPU
		{96D4A532-83DF-4B88-B808-54DA555B0F5C}.Debug|Any CPU.ActiveCfg = Debug|Any CPU
		{96D4A532-83DF-4B88-B808-54DA555B0F5C}.Debug|Any CPU.Build.0 = Debug|Any CPU
		{96D4A532-83DF-4B88-B808-54DA555B0F5C}.Release|Any CPU.ActiveCfg = Release|Any CPU
		{96D4A532-83DF-4B88-B808-54DA555B0F5C}.Release|Any CPU.Build.0 = Release|Any CPU
		{7C86664B-FF0C-459F-9425-779A9369C4FE}.Debug|Any CPU.ActiveCfg = Debug|Any CPU
		{7C86664B-FF0C-459F-9425-779A9369C4FE}.Debug|Any CPU.Build.0 = Debug|Any CPU
		{7C86664B-FF0C-459F-9425-779A9369C4FE}.Debug|Any CPU.Deploy.0 = Debug|Any CPU
		{7C86664B-FF0C-459F-9425-779A9369C4FE}.Release|Any CPU.ActiveCfg = Release|Any CPU
		{7C86664B-FF0C-459F-9425-779A9369C4FE}.Release|Any CPU.Build.0 = Release|Any CPU
		{7C86664B-FF0C-459F-9425-779A9369C4FE}.Release|Any CPU.Deploy.0 = Release|Any CPU
		{93BAD69E-5B94-45FF-8E83-76ED54BBDAA8}.Debug|Any CPU.ActiveCfg = Debug|Any CPU
		{93BAD69E-5B94-45FF-8E83-76ED54BBDAA8}.Debug|Any CPU.Build.0 = Debug|Any CPU
		{93BAD69E-5B94-45FF-8E83-76ED54BBDAA8}.Release|Any CPU.ActiveCfg = Release|Any CPU
		{93BAD69E-5B94-45FF-8E83-76ED54BBDAA8}.Release|Any CPU.Build.0 = Release|Any CPU
	EndGlobalSection
	GlobalSection(SolutionProperties) = preSolution
		HideSolutionNode = FALSE
	EndGlobalSection
	GlobalSection(NestedProjects) = preSolution
		{6A0830B8-7333-48F5-8E28-C4AC7B76CC37} = {6FD643CE-1E2D-40E5-A4F6-3C17E48668CC}
		{96D4A532-83DF-4B88-B808-54DA555B0F5C} = {8E1E5869-B667-4CE7-B2F7-C79F02146C50}
		{7C86664B-FF0C-459F-9425-779A9369C4FE} = {E23FDE1E-2E77-421A-AD87-EBCEA4BED1DA}
		{93BAD69E-5B94-45FF-8E83-76ED54BBDAA8} = {8E1E5869-B667-4CE7-B2F7-C79F02146C50}
	EndGlobalSection
	GlobalSection(ExtensibilityGlobals) = postSolution
		SolutionGuid = {A282DF77-B4A6-4FFC-AB13-17AA40D185E5}
	EndGlobalSection
EndGlobal
