
Microsoft Visual Studio Solution File, Format Version 12.00
# Visual Studio Version 16
VisualStudioVersion = 16.0.30104.148
MinimumVisualStudioVersion = 10.0.40219.1
Project("{9A19103F-16F7-4668-BE54-9A1E7A4F7556}") = "Brivia.Common", "Brivia.Common\Brivia.Common.csproj", "{0C5D7182-277B-4C8C-B80F-A693168F2620}"
EndProject
Project("{FAE04EC0-301F-11D3-BF4B-00C04F79EFBC}") = "Brivia.Prism", "Prism\Brivia.Prism\Brivia.Prism\Brivia.Prism.csproj", "{0E39A85B-6609-43D6-83B2-6D09FB3510D6}"
EndProject
Project("{FAE04EC0-301F-11D3-BF4B-00C04F79EFBC}") = "Brivia.Prism.Android", "Prism\Brivia.Prism\Brivia.Prism.Android\Brivia.Prism.Android.csproj", "{BD818DB7-9047-40D3-B690-772B68056671}"
EndProject
Project("{FAE04EC0-301F-11D3-BF4B-00C04F79EFBC}") = "Brivia.Prism.iOS", "Prism\Brivia.Prism\Brivia.Prism.iOS\Brivia.Prism.iOS.csproj", "{1A404927-AFCD-4648-A8C3-A721E55111A0}"
EndProject
Project("{FAE04EC0-301F-11D3-BF4B-00C04F79EFBC}") = "Brivia.Web", "Brivia.Web\Brivia.Web.csproj", "{AED6BCC3-209D-4751-A815-B80FC4D48E5A}"
EndProject
Global
	GlobalSection(SolutionConfigurationPlatforms) = preSolution
		Ad-Hoc|Any CPU = Ad-Hoc|Any CPU
		Ad-Hoc|iPhone = Ad-Hoc|iPhone
		Ad-Hoc|iPhoneSimulator = Ad-Hoc|iPhoneSimulator
		AppStore|Any CPU = AppStore|Any CPU
		AppStore|iPhone = AppStore|iPhone
		AppStore|iPhoneSimulator = AppStore|iPhoneSimulator
		Debug|Any CPU = Debug|Any CPU
		Debug|iPhone = Debug|iPhone
		Debug|iPhoneSimulator = Debug|iPhoneSimulator
		Release|Any CPU = Release|Any CPU
		Release|iPhone = Release|iPhone
		Release|iPhoneSimulator = Release|iPhoneSimulator
	EndGlobalSection
	GlobalSection(ProjectConfigurationPlatforms) = postSolution
		{0C5D7182-277B-4C8C-B80F-A693168F2620}.Ad-Hoc|Any CPU.ActiveCfg = Release|Any CPU
		{0C5D7182-277B-4C8C-B80F-A693168F2620}.Ad-Hoc|Any CPU.Build.0 = Release|Any CPU
		{0C5D7182-277B-4C8C-B80F-A693168F2620}.Ad-Hoc|iPhone.ActiveCfg = Release|Any CPU
		{0C5D7182-277B-4C8C-B80F-A693168F2620}.Ad-Hoc|iPhone.Build.0 = Release|Any CPU
		{0C5D7182-277B-4C8C-B80F-A693168F2620}.Ad-Hoc|iPhoneSimulator.ActiveCfg = Release|Any CPU
		{0C5D7182-277B-4C8C-B80F-A693168F2620}.Ad-Hoc|iPhoneSimulator.Build.0 = Release|Any CPU
		{0C5D7182-277B-4C8C-B80F-A693168F2620}.AppStore|Any CPU.ActiveCfg = Release|Any CPU
		{0C5D7182-277B-4C8C-B80F-A693168F2620}.AppStore|Any CPU.Build.0 = Release|Any CPU
		{0C5D7182-277B-4C8C-B80F-A693168F2620}.AppStore|iPhone.ActiveCfg = Release|Any CPU
		{0C5D7182-277B-4C8C-B80F-A693168F2620}.AppStore|iPhone.Build.0 = Release|Any CPU
		{0C5D7182-277B-4C8C-B80F-A693168F2620}.AppStore|iPhoneSimulator.ActiveCfg = Release|Any CPU
		{0C5D7182-277B-4C8C-B80F-A693168F2620}.AppStore|iPhoneSimulator.Build.0 = Release|Any CPU
		{0C5D7182-277B-4C8C-B80F-A693168F2620}.Debug|Any CPU.ActiveCfg = Debug|Any CPU
		{0C5D7182-277B-4C8C-B80F-A693168F2620}.Debug|Any CPU.Build.0 = Debug|Any CPU
		{0C5D7182-277B-4C8C-B80F-A693168F2620}.Debug|iPhone.ActiveCfg = Debug|Any CPU
		{0C5D7182-277B-4C8C-B80F-A693168F2620}.Debug|iPhone.Build.0 = Debug|Any CPU
		{0C5D7182-277B-4C8C-B80F-A693168F2620}.Debug|iPhoneSimulator.ActiveCfg = Debug|Any CPU
		{0C5D7182-277B-4C8C-B80F-A693168F2620}.Debug|iPhoneSimulator.Build.0 = Debug|Any CPU
		{0C5D7182-277B-4C8C-B80F-A693168F2620}.Release|Any CPU.ActiveCfg = Release|Any CPU
		{0C5D7182-277B-4C8C-B80F-A693168F2620}.Release|Any CPU.Build.0 = Release|Any CPU
		{0C5D7182-277B-4C8C-B80F-A693168F2620}.Release|iPhone.ActiveCfg = Release|Any CPU
		{0C5D7182-277B-4C8C-B80F-A693168F2620}.Release|iPhone.Build.0 = Release|Any CPU
		{0C5D7182-277B-4C8C-B80F-A693168F2620}.Release|iPhoneSimulator.ActiveCfg = Release|Any CPU
		{0C5D7182-277B-4C8C-B80F-A693168F2620}.Release|iPhoneSimulator.Build.0 = Release|Any CPU
		{0E39A85B-6609-43D6-83B2-6D09FB3510D6}.Ad-Hoc|Any CPU.ActiveCfg = Debug|Any CPU
		{0E39A85B-6609-43D6-83B2-6D09FB3510D6}.Ad-Hoc|Any CPU.Build.0 = Debug|Any CPU
		{0E39A85B-6609-43D6-83B2-6D09FB3510D6}.Ad-Hoc|iPhone.ActiveCfg = Debug|Any CPU
		{0E39A85B-6609-43D6-83B2-6D09FB3510D6}.Ad-Hoc|iPhone.Build.0 = Debug|Any CPU
		{0E39A85B-6609-43D6-83B2-6D09FB3510D6}.Ad-Hoc|iPhoneSimulator.ActiveCfg = Debug|Any CPU
		{0E39A85B-6609-43D6-83B2-6D09FB3510D6}.Ad-Hoc|iPhoneSimulator.Build.0 = Debug|Any CPU
		{0E39A85B-6609-43D6-83B2-6D09FB3510D6}.AppStore|Any CPU.ActiveCfg = Debug|Any CPU
		{0E39A85B-6609-43D6-83B2-6D09FB3510D6}.AppStore|Any CPU.Build.0 = Debug|Any CPU
		{0E39A85B-6609-43D6-83B2-6D09FB3510D6}.AppStore|iPhone.ActiveCfg = Debug|Any CPU
		{0E39A85B-6609-43D6-83B2-6D09FB3510D6}.AppStore|iPhone.Build.0 = Debug|Any CPU
		{0E39A85B-6609-43D6-83B2-6D09FB3510D6}.AppStore|iPhoneSimulator.ActiveCfg = Debug|Any CPU
		{0E39A85B-6609-43D6-83B2-6D09FB3510D6}.AppStore|iPhoneSimulator.Build.0 = Debug|Any CPU
		{0E39A85B-6609-43D6-83B2-6D09FB3510D6}.Debug|Any CPU.ActiveCfg = Debug|Any CPU
		{0E39A85B-6609-43D6-83B2-6D09FB3510D6}.Debug|Any CPU.Build.0 = Debug|Any CPU
		{0E39A85B-6609-43D6-83B2-6D09FB3510D6}.Debug|iPhone.ActiveCfg = Debug|Any CPU
		{0E39A85B-6609-43D6-83B2-6D09FB3510D6}.Debug|iPhone.Build.0 = Debug|Any CPU
		{0E39A85B-6609-43D6-83B2-6D09FB3510D6}.Debug|iPhoneSimulator.ActiveCfg = Debug|Any CPU
		{0E39A85B-6609-43D6-83B2-6D09FB3510D6}.Debug|iPhoneSimulator.Build.0 = Debug|Any CPU
		{0E39A85B-6609-43D6-83B2-6D09FB3510D6}.Release|Any CPU.ActiveCfg = Release|Any CPU
		{0E39A85B-6609-43D6-83B2-6D09FB3510D6}.Release|Any CPU.Build.0 = Release|Any CPU
		{0E39A85B-6609-43D6-83B2-6D09FB3510D6}.Release|iPhone.ActiveCfg = Release|Any CPU
		{0E39A85B-6609-43D6-83B2-6D09FB3510D6}.Release|iPhone.Build.0 = Release|Any CPU
		{0E39A85B-6609-43D6-83B2-6D09FB3510D6}.Release|iPhoneSimulator.ActiveCfg = Release|Any CPU
		{0E39A85B-6609-43D6-83B2-6D09FB3510D6}.Release|iPhoneSimulator.Build.0 = Release|Any CPU
		{BD818DB7-9047-40D3-B690-772B68056671}.Ad-Hoc|Any CPU.ActiveCfg = Release|Any CPU
		{BD818DB7-9047-40D3-B690-772B68056671}.Ad-Hoc|Any CPU.Build.0 = Release|Any CPU
		{BD818DB7-9047-40D3-B690-772B68056671}.Ad-Hoc|Any CPU.Deploy.0 = Release|Any CPU
		{BD818DB7-9047-40D3-B690-772B68056671}.Ad-Hoc|iPhone.ActiveCfg = Release|Any CPU
		{BD818DB7-9047-40D3-B690-772B68056671}.Ad-Hoc|iPhone.Build.0 = Release|Any CPU
		{BD818DB7-9047-40D3-B690-772B68056671}.Ad-Hoc|iPhone.Deploy.0 = Release|Any CPU
		{BD818DB7-9047-40D3-B690-772B68056671}.Ad-Hoc|iPhoneSimulator.ActiveCfg = Release|Any CPU
		{BD818DB7-9047-40D3-B690-772B68056671}.Ad-Hoc|iPhoneSimulator.Build.0 = Release|Any CPU
		{BD818DB7-9047-40D3-B690-772B68056671}.Ad-Hoc|iPhoneSimulator.Deploy.0 = Release|Any CPU
		{BD818DB7-9047-40D3-B690-772B68056671}.AppStore|Any CPU.ActiveCfg = Release|Any CPU
		{BD818DB7-9047-40D3-B690-772B68056671}.AppStore|Any CPU.Build.0 = Release|Any CPU
		{BD818DB7-9047-40D3-B690-772B68056671}.AppStore|Any CPU.Deploy.0 = Release|Any CPU
		{BD818DB7-9047-40D3-B690-772B68056671}.AppStore|iPhone.ActiveCfg = Release|Any CPU
		{BD818DB7-9047-40D3-B690-772B68056671}.AppStore|iPhone.Build.0 = Release|Any CPU
		{BD818DB7-9047-40D3-B690-772B68056671}.AppStore|iPhone.Deploy.0 = Release|Any CPU
		{BD818DB7-9047-40D3-B690-772B68056671}.AppStore|iPhoneSimulator.ActiveCfg = Release|Any CPU
		{BD818DB7-9047-40D3-B690-772B68056671}.AppStore|iPhoneSimulator.Build.0 = Release|Any CPU
		{BD818DB7-9047-40D3-B690-772B68056671}.AppStore|iPhoneSimulator.Deploy.0 = Release|Any CPU
		{BD818DB7-9047-40D3-B690-772B68056671}.Debug|Any CPU.ActiveCfg = Debug|Any CPU
		{BD818DB7-9047-40D3-B690-772B68056671}.Debug|Any CPU.Build.0 = Debug|Any CPU
		{BD818DB7-9047-40D3-B690-772B68056671}.Debug|Any CPU.Deploy.0 = Debug|Any CPU
		{BD818DB7-9047-40D3-B690-772B68056671}.Debug|iPhone.ActiveCfg = Debug|Any CPU
		{BD818DB7-9047-40D3-B690-772B68056671}.Debug|iPhone.Build.0 = Debug|Any CPU
		{BD818DB7-9047-40D3-B690-772B68056671}.Debug|iPhone.Deploy.0 = Debug|Any CPU
		{BD818DB7-9047-40D3-B690-772B68056671}.Debug|iPhoneSimulator.ActiveCfg = Debug|Any CPU
		{BD818DB7-9047-40D3-B690-772B68056671}.Debug|iPhoneSimulator.Build.0 = Debug|Any CPU
		{BD818DB7-9047-40D3-B690-772B68056671}.Debug|iPhoneSimulator.Deploy.0 = Debug|Any CPU
		{BD818DB7-9047-40D3-B690-772B68056671}.Release|Any CPU.ActiveCfg = Release|Any CPU
		{BD818DB7-9047-40D3-B690-772B68056671}.Release|Any CPU.Build.0 = Release|Any CPU
		{BD818DB7-9047-40D3-B690-772B68056671}.Release|Any CPU.Deploy.0 = Release|Any CPU
		{BD818DB7-9047-40D3-B690-772B68056671}.Release|iPhone.ActiveCfg = Release|Any CPU
		{BD818DB7-9047-40D3-B690-772B68056671}.Release|iPhone.Build.0 = Release|Any CPU
		{BD818DB7-9047-40D3-B690-772B68056671}.Release|iPhone.Deploy.0 = Release|Any CPU
		{BD818DB7-9047-40D3-B690-772B68056671}.Release|iPhoneSimulator.ActiveCfg = Release|Any CPU
		{BD818DB7-9047-40D3-B690-772B68056671}.Release|iPhoneSimulator.Build.0 = Release|Any CPU
		{BD818DB7-9047-40D3-B690-772B68056671}.Release|iPhoneSimulator.Deploy.0 = Release|Any CPU
		{1A404927-AFCD-4648-A8C3-A721E55111A0}.Ad-Hoc|Any CPU.ActiveCfg = Ad-Hoc|iPhone
		{1A404927-AFCD-4648-A8C3-A721E55111A0}.Ad-Hoc|iPhone.ActiveCfg = Ad-Hoc|iPhone
		{1A404927-AFCD-4648-A8C3-A721E55111A0}.Ad-Hoc|iPhone.Build.0 = Ad-Hoc|iPhone
		{1A404927-AFCD-4648-A8C3-A721E55111A0}.Ad-Hoc|iPhoneSimulator.ActiveCfg = Ad-Hoc|iPhoneSimulator
		{1A404927-AFCD-4648-A8C3-A721E55111A0}.Ad-Hoc|iPhoneSimulator.Build.0 = Ad-Hoc|iPhoneSimulator
		{1A404927-AFCD-4648-A8C3-A721E55111A0}.AppStore|Any CPU.ActiveCfg = AppStore|iPhone
		{1A404927-AFCD-4648-A8C3-A721E55111A0}.AppStore|iPhone.ActiveCfg = AppStore|iPhone
		{1A404927-AFCD-4648-A8C3-A721E55111A0}.AppStore|iPhone.Build.0 = AppStore|iPhone
		{1A404927-AFCD-4648-A8C3-A721E55111A0}.AppStore|iPhoneSimulator.ActiveCfg = AppStore|iPhoneSimulator
		{1A404927-AFCD-4648-A8C3-A721E55111A0}.AppStore|iPhoneSimulator.Build.0 = AppStore|iPhoneSimulator
		{1A404927-AFCD-4648-A8C3-A721E55111A0}.Debug|Any CPU.ActiveCfg = Debug|iPhone
		{1A404927-AFCD-4648-A8C3-A721E55111A0}.Debug|iPhone.ActiveCfg = Debug|iPhone
		{1A404927-AFCD-4648-A8C3-A721E55111A0}.Debug|iPhone.Build.0 = Debug|iPhone
		{1A404927-AFCD-4648-A8C3-A721E55111A0}.Debug|iPhoneSimulator.ActiveCfg = Debug|iPhoneSimulator
		{1A404927-AFCD-4648-A8C3-A721E55111A0}.Debug|iPhoneSimulator.Build.0 = Debug|iPhoneSimulator
		{1A404927-AFCD-4648-A8C3-A721E55111A0}.Release|Any CPU.ActiveCfg = Release|iPhone
		{1A404927-AFCD-4648-A8C3-A721E55111A0}.Release|iPhone.ActiveCfg = Release|iPhone
		{1A404927-AFCD-4648-A8C3-A721E55111A0}.Release|iPhone.Build.0 = Release|iPhone
		{1A404927-AFCD-4648-A8C3-A721E55111A0}.Release|iPhoneSimulator.ActiveCfg = Release|iPhoneSimulator
		{1A404927-AFCD-4648-A8C3-A721E55111A0}.Release|iPhoneSimulator.Build.0 = Release|iPhoneSimulator
		{AED6BCC3-209D-4751-A815-B80FC4D48E5A}.Ad-Hoc|Any CPU.ActiveCfg = Debug|Any CPU
		{AED6BCC3-209D-4751-A815-B80FC4D48E5A}.Ad-Hoc|Any CPU.Build.0 = Debug|Any CPU
		{AED6BCC3-209D-4751-A815-B80FC4D48E5A}.Ad-Hoc|iPhone.ActiveCfg = Debug|Any CPU
		{AED6BCC3-209D-4751-A815-B80FC4D48E5A}.Ad-Hoc|iPhone.Build.0 = Debug|Any CPU
		{AED6BCC3-209D-4751-A815-B80FC4D48E5A}.Ad-Hoc|iPhoneSimulator.ActiveCfg = Debug|Any CPU
		{AED6BCC3-209D-4751-A815-B80FC4D48E5A}.Ad-Hoc|iPhoneSimulator.Build.0 = Debug|Any CPU
		{AED6BCC3-209D-4751-A815-B80FC4D48E5A}.AppStore|Any CPU.ActiveCfg = Debug|Any CPU
		{AED6BCC3-209D-4751-A815-B80FC4D48E5A}.AppStore|Any CPU.Build.0 = Debug|Any CPU
		{AED6BCC3-209D-4751-A815-B80FC4D48E5A}.AppStore|iPhone.ActiveCfg = Debug|Any CPU
		{AED6BCC3-209D-4751-A815-B80FC4D48E5A}.AppStore|iPhone.Build.0 = Debug|Any CPU
		{AED6BCC3-209D-4751-A815-B80FC4D48E5A}.AppStore|iPhoneSimulator.ActiveCfg = Debug|Any CPU
		{AED6BCC3-209D-4751-A815-B80FC4D48E5A}.AppStore|iPhoneSimulator.Build.0 = Debug|Any CPU
		{AED6BCC3-209D-4751-A815-B80FC4D48E5A}.Debug|Any CPU.ActiveCfg = Debug|Any CPU
		{AED6BCC3-209D-4751-A815-B80FC4D48E5A}.Debug|Any CPU.Build.0 = Debug|Any CPU
		{AED6BCC3-209D-4751-A815-B80FC4D48E5A}.Debug|iPhone.ActiveCfg = Debug|Any CPU
		{AED6BCC3-209D-4751-A815-B80FC4D48E5A}.Debug|iPhone.Build.0 = Debug|Any CPU
		{AED6BCC3-209D-4751-A815-B80FC4D48E5A}.Debug|iPhoneSimulator.ActiveCfg = Debug|Any CPU
		{AED6BCC3-209D-4751-A815-B80FC4D48E5A}.Debug|iPhoneSimulator.Build.0 = Debug|Any CPU
		{AED6BCC3-209D-4751-A815-B80FC4D48E5A}.Release|Any CPU.ActiveCfg = Release|Any CPU
		{AED6BCC3-209D-4751-A815-B80FC4D48E5A}.Release|Any CPU.Build.0 = Release|Any CPU
		{AED6BCC3-209D-4751-A815-B80FC4D48E5A}.Release|iPhone.ActiveCfg = Release|Any CPU
		{AED6BCC3-209D-4751-A815-B80FC4D48E5A}.Release|iPhone.Build.0 = Release|Any CPU
		{AED6BCC3-209D-4751-A815-B80FC4D48E5A}.Release|iPhoneSimulator.ActiveCfg = Release|Any CPU
		{AED6BCC3-209D-4751-A815-B80FC4D48E5A}.Release|iPhoneSimulator.Build.0 = Release|Any CPU
	EndGlobalSection
	GlobalSection(SolutionProperties) = preSolution
		HideSolutionNode = FALSE
	EndGlobalSection
	GlobalSection(ExtensibilityGlobals) = postSolution
		SolutionGuid = {A282DF77-B4A6-4FFC-AB13-17AA40D185E5}
	EndGlobalSection
EndGlobal
